
Microsoft Visual Studio Solution File, Format Version 12.00
# Visual Studio Version 16
VisualStudioVersion = 16.0.30907.101
MinimumVisualStudioVersion = 10.0.40219.1
Project("{FAE04EC0-301F-11D3-BF4B-00C04F79EFBC}") = "hospital", "hospital\hospital.csproj", "{F4046798-E62E-4F64-823F-27F2E2F3753A}"
EndProject
Global
	GlobalSection(SolutionConfigurationPlatforms) = preSolution
		Debug|Any CPU = Debug|Any CPU
		Release|Any CPU = Release|Any CPU
	EndGlobalSection
	GlobalSection(ProjectConfigurationPlatforms) = postSolution
		{F4046798-E62E-4F64-823F-27F2E2F3753A}.Debug|Any CPU.ActiveCfg = Debug|Any CPU
		{F4046798-E62E-4F64-823F-27F2E2F3753A}.Debug|Any CPU.Build.0 = Debug|Any CPU
		{F4046798-E62E-4F64-823F-27F2E2F3753A}.Release|Any CPU.ActiveCfg = Release|Any CPU
		{F4046798-E62E-4F64-823F-27F2E2F3753A}.Release|Any CPU.Build.0 = Release|Any CPU
	EndGlobalSection
	GlobalSection(SolutionProperties) = preSolution
		HideSolutionNode = FALSE
	EndGlobalSection
	GlobalSection(ExtensibilityGlobals) = postSolution
		SolutionGuid = {811F5069-459F-448A-B7B3-AD9AC3F4E374}
	EndGlobalSection
EndGlobal
